
Microsoft Visual Studio Solution File, Format Version 12.00
# Visual Studio Version 16
VisualStudioVersion = 16.0.29503.13
MinimumVisualStudioVersion = 10.0.40219.1
Project("{FAE04EC0-301F-11D3-BF4B-00C04F79EFBC}") = "BookListRazor", "BookListRazor.csproj", "{32D1FB99-E4B4-401B-8006-56D188D0F200}"
EndProject
Global
	GlobalSection(SolutionConfigurationPlatforms) = preSolution
		Debug|Any CPU = Debug|Any CPU
		Release|Any CPU = Release|Any CPU
	EndGlobalSection
	GlobalSection(ProjectConfigurationPlatforms) = postSolution
		{32D1FB99-E4B4-401B-8006-56D188D0F200}.Debug|Any CPU.ActiveCfg = Debug|Any CPU
		{32D1FB99-E4B4-401B-8006-56D188D0F200}.Debug|Any CPU.Build.0 = Debug|Any CPU
		{32D1FB99-E4B4-401B-8006-56D188D0F200}.Release|Any CPU.ActiveCfg = Release|Any CPU
		{32D1FB99-E4B4-401B-8006-56D188D0F200}.Release|Any CPU.Build.0 = Release|Any CPU
	EndGlobalSection
	GlobalSection(SolutionProperties) = preSolution
		HideSolutionNode = FALSE
	EndGlobalSection
	GlobalSection(ExtensibilityGlobals) = postSolution
		SolutionGuid = {05E813CA-6DD0-4630-A982-B7D3DC68A2AF}
	EndGlobalSection
EndGlobal
